// !$*UTF8*$!
{
	archiveVersion = 1;
	classes = {
	};
	objectVersion = 46;
	objects = {

/* Begin PBXBuildFile section */
		942992F41B3E91CF00F57BA4 /* AppDelegate.swift in Sources */ = {isa = PBXBuildFile; fileRef = 942992F31B3E91CF00F57BA4 /* AppDelegate.swift */; };
		942992F61B3E91CF00F57BA4 /* ViewController.swift in Sources */ = {isa = PBXBuildFile; fileRef = 942992F51B3E91CF00F57BA4 /* ViewController.swift */; };
		942992F91B3E91CF00F57BA4 /* Main.storyboard in Resources */ = {isa = PBXBuildFile; fileRef = 942992F71B3E91CF00F57BA4 /* Main.storyboard */; };
		942992FB1B3E91CF00F57BA4 /* Images.xcassets in Resources */ = {isa = PBXBuildFile; fileRef = 942992FA1B3E91CF00F57BA4 /* Images.xcassets */; };
		942992FE1B3E91CF00F57BA4 /* LaunchScreen.xib in Resources */ = {isa = PBXBuildFile; fileRef = 942992FC1B3E91CF00F57BA4 /* LaunchScreen.xib */; };
		9429930A1B3E91CF00F57BA4 /* RemotePresentationProjectTests.swift in Sources */ = {isa = PBXBuildFile; fileRef = 942993091B3E91CF00F57BA4 /* RemotePresentationProjectTests.swift */; };
/* End PBXBuildFile section */

/* Begin PBXContainerItemProxy section */
		942993041B3E91CF00F57BA4 /* PBXContainerItemProxy */ = {
			isa = PBXContainerItemProxy;
			containerPortal = 942992E61B3E91CF00F57BA4 /* Project object */;
			proxyType = 1;
			remoteGlobalIDString = 942992ED1B3E91CF00F57BA4;
			remoteInfo = RemotePresentationProject;
		};
/* End PBXContainerItemProxy section */

/* Begin PBXFileReference section */
		942992EE1B3E91CF00F57BA4 /* RemotePresentationProject.app */ = {isa = PBXFileReference; explicitFileType = wrapper.application; includeInIndex = 0; path = RemotePresentationProject.app; sourceTree = BUILT_PRODUCTS_DIR; };
		942992F21B3E91CF00F57BA4 /* Info.plist */ = {isa = PBXFileReference; lastKnownFileType = text.plist.xml; path = Info.plist; sourceTree = "<group>"; };
		942992F31B3E91CF00F57BA4 /* AppDelegate.swift */ = {isa = PBXFileReference; lastKnownFileType = sourcecode.swift; path = AppDelegate.swift; sourceTree = "<group>"; };
		942992F51B3E91CF00F57BA4 /* ViewController.swift */ = {isa = PBXFileReference; lastKnownFileType = sourcecode.swift; path = ViewController.swift; sourceTree = "<group>"; };
		942992F81B3E91CF00F57BA4 /* Base */ = {isa = PBXFileReference; lastKnownFileType = file.storyboard; name = Base; path = Base.lproj/Main.storyboard; sourceTree = "<group>"; };
		942992FA1B3E91CF00F57BA4 /* Images.xcassets */ = {isa = PBXFileReference; lastKnownFileType = folder.assetcatalog; path = Images.xcassets; sourceTree = "<group>"; };
		942992FD1B3E91CF00F57BA4 /* Base */ = {isa = PBXFileReference; lastKnownFileType = file.xib; name = Base; path = Base.lproj/LaunchScreen.xib; sourceTree = "<group>"; };
		942993031B3E91CF00F57BA4 /* RemotePresentationProjectTests.xctest */ = {isa = PBXFileReference; explicitFileType = wrapper.cfbundle; includeInIndex = 0; path = RemotePresentationProjectTests.xctest; sourceTree = BUILT_PRODUCTS_DIR; };
		942993081B3E91CF00F57BA4 /* Info.plist */ = {isa = PBXFileReference; lastKnownFileType = text.plist.xml; path = Info.plist; sourceTree = "<group>"; };
		942993091B3E91CF00F57BA4 /* RemotePresentationProjectTests.swift */ = {isa = PBXFileReference; lastKnownFileType = sourcecode.swift; path = RemotePresentationProjectTests.swift; sourceTree = "<group>"; };
/* End PBXFileReference section */

/* Begin PBXFrameworksBuildPhase section */
		942992EB1B3E91CF00F57BA4 /* Frameworks */ = {
			isa = PBXFrameworksBuildPhase;
			buildActionMask = 2147483647;
			files = (
			);
			runOnlyForDeploymentPostprocessing = 0;
		};
		942993001B3E91CF00F57BA4 /* Frameworks */ = {
			isa = PBXFrameworksBuildPhase;
			buildActionMask = 2147483647;
			files = (
			);
			runOnlyForDeploymentPostprocessing = 0;
		};
/* End PBXFrameworksBuildPhase section */

/* Begin PBXGroup section */
		942992E51B3E91CF00F57BA4 = {
			isa = PBXGroup;
			children = (
				942992F01B3E91CF00F57BA4 /* RemotePresentationProject */,
				942993061B3E91CF00F57BA4 /* RemotePresentationProjectTests */,
				942992EF1B3E91CF00F57BA4 /* Products */,
			);
			sourceTree = "<group>";
		};
		942992EF1B3E91CF00F57BA4 /* Products */ = {
			isa = PBXGroup;
			children = (
				942992EE1B3E91CF00F57BA4 /* RemotePresentationProject.app */,
				942993031B3E91CF00F57BA4 /* RemotePresentationProjectTests.xctest */,
			);
			name = Products;
			sourceTree = "<group>";
		};
		942992F01B3E91CF00F57BA4 /* RemotePresentationProject */ = {
			isa = PBXGroup;
			children = (
				942992F31B3E91CF00F57BA4 /* AppDelegate.swift */,
				942992F51B3E91CF00F57BA4 /* ViewController.swift */,
				942992F71B3E91CF00F57BA4 /* Main.storyboard */,
				942992FA1B3E91CF00F57BA4 /* Images.xcassets */,
				942992FC1B3E91CF00F57BA4 /* LaunchScreen.xib */,
				942992F11B3E91CF00F57BA4 /* Supporting Files */,
			);
			path = RemotePresentationProject;
			sourceTree = "<group>";
		};
		942992F11B3E91CF00F57BA4 /* Supporting Files */ = {
			isa = PBXGroup;
			children = (
				942992F21B3E91CF00F57BA4 /* Info.plist */,
			);
			name = "Supporting Files";
			sourceTree = "<group>";
		};
		942993061B3E91CF00F57BA4 /* RemotePresentationProjectTests */ = {
			isa = PBXGroup;
			children = (
				942993091B3E91CF00F57BA4 /* RemotePresentationProjectTests.swift */,
				942993071B3E91CF00F57BA4 /* Supporting Files */,
			);
			path = RemotePresentationProjectTests;
			sourceTree = "<group>";
		};
		942993071B3E91CF00F57BA4 /* Supporting Files */ = {
			isa = PBXGroup;
			children = (
				942993081B3E91CF00F57BA4 /* Info.plist */,
			);
			name = "Supporting Files";
			sourceTree = "<group>";
		};
/* End PBXGroup section */

/* Begin PBXNativeTarget section */
		942992ED1B3E91CF00F57BA4 /* RemotePresentationProject */ = {
			isa = PBXNativeTarget;
			buildConfigurationList = 9429930D1B3E91CF00F57BA4 /* Build configuration list for PBXNativeTarget "RemotePresentationProject" */;
			buildPhases = (
				942992EA1B3E91CF00F57BA4 /* Sources */,
				942992EB1B3E91CF00F57BA4 /* Frameworks */,
				942992EC1B3E91CF00F57BA4 /* Resources */,
			);
			buildRules = (
			);
			dependencies = (
			);
			name = RemotePresentationProject;
			productName = RemotePresentationProject;
			productReference = 942992EE1B3E91CF00F57BA4 /* RemotePresentationProject.app */;
			productType = "com.apple.product-type.application";
		};
		942993021B3E91CF00F57BA4 /* RemotePresentationProjectTests */ = {
			isa = PBXNativeTarget;
			buildConfigurationList = 942993101B3E91CF00F57BA4 /* Build configuration list for PBXNativeTarget "RemotePresentationProjectTests" */;
			buildPhases = (
				942992FF1B3E91CF00F57BA4 /* Sources */,
				942993001B3E91CF00F57BA4 /* Frameworks */,
				942993011B3E91CF00F57BA4 /* Resources */,
			);
			buildRules = (
			);
			dependencies = (
				942993051B3E91CF00F57BA4 /* PBXTargetDependency */,
			);
			name = RemotePresentationProjectTests;
			productName = RemotePresentationProjectTests;
			productReference = 942993031B3E91CF00F57BA4 /* RemotePresentationProjectTests.xctest */;
			productType = "com.apple.product-type.bundle.unit-test";
		};
/* End PBXNativeTarget section */

/* Begin PBXProject section */
		942992E61B3E91CF00F57BA4 /* Project object */ = {
			isa = PBXProject;
			attributes = {
				LastUpgradeCheck = 0630;
				ORGANIZATIONNAME = lawfulks;
				TargetAttributes = {
					942992ED1B3E91CF00F57BA4 = {
						CreatedOnToolsVersion = 6.3.2;
					};
					942993021B3E91CF00F57BA4 = {
						CreatedOnToolsVersion = 6.3.2;
						TestTargetID = 942992ED1B3E91CF00F57BA4;
					};
				};
			};
			buildConfigurationList = 942992E91B3E91CF00F57BA4 /* Build configuration list for PBXProject "RemotePresentationProject" */;
			compatibilityVersion = "Xcode 3.2";
			developmentRegion = English;
			hasScannedForEncodings = 0;
			knownRegions = (
				en,
				Base,
			);
			mainGroup = 942992E51B3E91CF00F57BA4;
			productRefGroup = 942992EF1B3E91CF00F57BA4 /* Products */;
			projectDirPath = "";
			projectRoot = "";
			targets = (
				942992ED1B3E91CF00F57BA4 /* RemotePresentationProject */,
				942993021B3E91CF00F57BA4 /* RemotePresentationProjectTests */,
			);
		};
/* End PBXProject section */

/* Begin PBXResourcesBuildPhase section */
		942992EC1B3E91CF00F57BA4 /* Resources */ = {
			isa = PBXResourcesBuildPhase;
			buildActionMask = 2147483647;
			files = (
				942992F91B3E91CF00F57BA4 /* Main.storyboard in Resources */,
				942992FE1B3E91CF00F57BA4 /* LaunchScreen.xib in Resources */,
				942992FB1B3E91CF00F57BA4 /* Images.xcassets in Resources */,
			);
			runOnlyForDeploymentPostprocessing = 0;
		};
		942993011B3E91CF00F57BA4 /* Resources */ = {
			isa = PBXResourcesBuildPhase;
			buildActionMask = 2147483647;
			files = (
			);
			runOnlyForDeploymentPostprocessing = 0;
		};
/* End PBXResourcesBuildPhase section */

/* Begin PBXSourcesBuildPhase section */
		942992EA1B3E91CF00F57BA4 /* Sources */ = {
			isa = PBXSourcesBuildPhase;
			buildActionMask = 2147483647;
			files = (
				942992F61B3E91CF00F57BA4 /* ViewController.swift in Sources */,
				942992F41B3E91CF00F57BA4 /* AppDelegate.swift in Sources */,
			);
			runOnlyForDeploymentPostprocessing = 0;
		};
		942992FF1B3E91CF00F57BA4 /* Sources */ = {
			isa = PBXSourcesBuildPhase;
			buildActionMask = 2147483647;
			files = (
				9429930A1B3E91CF00F57BA4 /* RemotePresentationProjectTests.swift in Sources */,
			);
			runOnlyForDeploymentPostprocessing = 0;
		};
/* End PBXSourcesBuildPhase section */

/* Begin PBXTargetDependency section */
		942993051B3E91CF00F57BA4 /* PBXTargetDependency */ = {
			isa = PBXTargetDependency;
			target = 942992ED1B3E91CF00F57BA4 /* RemotePresentationProject */;
			targetProxy = 942993041B3E91CF00F57BA4 /* PBXContainerItemProxy */;
		};
/* End PBXTargetDependency section */

/* Begin PBXVariantGroup section */
		942992F71B3E91CF00F57BA4 /* Main.storyboard */ = {
			isa = PBXVariantGroup;
			children = (
				942992F81B3E91CF00F57BA4 /* Base */,
			);
			name = Main.storyboard;
			sourceTree = "<group>";
		};
		942992FC1B3E91CF00F57BA4 /* LaunchScreen.xib */ = {
			isa = PBXVariantGroup;
			children = (
				942992FD1B3E91CF00F57BA4 /* Base */,
			);
			name = LaunchScreen.xib;
			sourceTree = "<group>";
		};
/* End PBXVariantGroup section */

/* Begin XCBuildConfiguration section */
		9429930B1B3E91CF00F57BA4 /* Debug */ = {
			isa = XCBuildConfiguration;
			buildSettings = {
				ALWAYS_SEARCH_USER_PATHS = NO;
				CLANG_CXX_LANGUAGE_STANDARD = "gnu++0x";
				CLANG_CXX_LIBRARY = "libc++";
				CLANG_ENABLE_MODULES = YES;
				CLANG_ENABLE_OBJC_ARC = YES;
				CLANG_WARN_BOOL_CONVERSION = YES;
				CLANG_WARN_CONSTANT_CONVERSION = YES;
				CLANG_WARN_DIRECT_OBJC_ISA_USAGE = YES_ERROR;
				CLANG_WARN_EMPTY_BODY = YES;
				CLANG_WARN_ENUM_CONVERSION = YES;
				CLANG_WARN_INT_CONVERSION = YES;
				CLANG_WARN_OBJC_ROOT_CLASS = YES_ERROR;
				CLANG_WARN_UNREACHABLE_CODE = YES;
				CLANG_WARN__DUPLICATE_METHOD_MATCH = YES;
				"CODE_SIGN_IDENTITY[sdk=iphoneos*]" = "iPhone Developer";
				COPY_PHASE_STRIP = NO;
				DEBUG_INFORMATION_FORMAT = "dwarf-with-dsym";
				ENABLE_STRICT_OBJC_MSGSEND = YES;
				GCC_C_LANGUAGE_STANDARD = gnu99;
				GCC_DYNAMIC_NO_PIC = NO;
				GCC_NO_COMMON_BLOCKS = YES;
				GCC_OPTIMIZATION_LEVEL = 0;
				GCC_PREPROCESSOR_DEFINITIONS = (
					"DEBUG=1",
					"$(inherited)",
				);
				GCC_SYMBOLS_PRIVATE_EXTERN = NO;
				GCC_WARN_64_TO_32_BIT_CONVERSION = YES;
				GCC_WARN_ABOUT_RETURN_TYPE = YES_ERROR;
				GCC_WARN_UNDECLARED_SELECTOR = YES;
				GCC_WARN_UNINITIALIZED_AUTOS = YES_AGGRESSIVE;
				GCC_WARN_UNUSED_FUNCTION = YES;
				GCC_WARN_UNUSED_VARIABLE = YES;
				IPHONEOS_DEPLOYMENT_TARGET = 8.3;
				MTL_ENABLE_DEBUG_INFO = YES;
				ONLY_ACTIVE_ARCH = YES;
				SDKROOT = iphoneos;
				SWIFT_OPTIMIZATION_LEVEL = "-Onone";
			};
			name = Debug;
		};
		9429930C1B3E91CF00F57BA4 /* Release */ = {
			isa = XCBuildConfiguration;
			buildSettings = {
				ALWAYS_SEARCH_USER_PATHS = NO;
				CLANG_CXX_LANGUAGE_STANDARD = "gnu++0x";
				CLANG_CXX_LIBRARY = "libc++";
				CLANG_ENABLE_MODULES = YES;
				CLANG_ENABLE_OBJC_ARC = YES;
				CLANG_WARN_BOOL_CONVERSION = YES;
				CLANG_WARN_CONSTANT_CONVERSION = YES;
				CLANG_WARN_DIRECT_OBJC_ISA_USAGE = YES_ERROR;
				CLANG_WARN_EMPTY_BODY = YES;
				CLANG_WARN_ENUM_CONVERSION = YES;
				CLANG_WARN_INT_CONVERSION = YES;
				CLANG_WARN_OBJC_ROOT_CLASS = YES_ERROR;
				CLANG_WARN_UNREACHABLE_CODE = YES;
				CLANG_WARN__DUPLICATE_METHOD_MATCH = YES;
				"CODE_SIGN_IDENTITY[sdk=iphoneos*]" = "iPhone Developer";
				COPY_PHASE_STRIP = NO;
				DEBUG_INFORMATION_FORMAT = "dwarf-with-dsym";
				ENABLE_NS_ASSERTIONS = NO;
				ENABLE_STRICT_OBJC_MSGSEND = YES;
				GCC_C_LANGUAGE_STANDARD = gnu99;
				GCC_NO_COMMON_BLOCKS = YES;
				GCC_WARN_64_TO_32_BIT_CONVERSION = YES;
				GCC_WARN_ABOUT_RETURN_TYPE = YES_ERROR;
				GCC_WARN_UNDECLARED_SELECTOR = YES;
				GCC_WARN_UNINITIALIZED_AUTOS = YES_AGGRESSIVE;
				GCC_WARN_UNUSED_FUNCTION = YES;
				GCC_WARN_UNUSED_VARIABLE = YES;
				IPHONEOS_DEPLOYMENT_TARGET = 8.3;
				MTL_ENABLE_DEBUG_INFO = NO;
				SDKROOT = iphoneos;
				VALIDATE_PRODUCT = YES;
			};
			name = Release;
		};
		9429930E1B3E91CF00F57BA4 /* Debug */ = {
			isa = XCBuildConfiguration;
			buildSettings = {
				ASSETCATALOG_COMPILER_APPICON_NAME = AppIcon;
				INFOPLIST_FILE = RemotePresentationProject/Info.plist;
				LD_RUNPATH_SEARCH_PATHS = "$(inherited) @executable_path/Frameworks";
				PRODUCT_NAME = "$(TARGET_NAME)";
			};
			name = Debug;
		};
		9429930F1B3E91CF00F57BA4 /* Release */ = {
			isa = XCBuildConfiguration;
			buildSettings = {
				ASSETCATALOG_COMPILER_APPICON_NAME = AppIcon;
				INFOPLIST_FILE = RemotePresentationProject/Info.plist;
				LD_RUNPATH_SEARCH_PATHS = "$(inherited) @executable_path/Frameworks";
				PRODUCT_NAME = "$(TARGET_NAME)";
			};
			name = Release;
		};
		942993111B3E91CF00F57BA4 /* Debug */ = {
			isa = XCBuildConfiguration;
			buildSettings = {
				BUNDLE_LOADER = "$(TEST_HOST)";
				FRAMEWORK_SEARCH_PATHS = (
					"$(SDKROOT)/Developer/Library/Frameworks",
					"$(inherited)",
				);
				GCC_PREPROCESSOR_DEFINITIONS = (
					"DEBUG=1",
					"$(inherited)",
				);
				INFOPLIST_FILE = RemotePresentationProjectTests/Info.plist;
				LD_RUNPATH_SEARCH_PATHS = "$(inherited) @executable_path/Frameworks @loader_path/Frameworks";
				PRODUCT_NAME = "$(TARGET_NAME)";
				TEST_HOST = "$(BUILT_PRODUCTS_DIR)/RemotePresentationProject.app/RemotePresentationProject";
			};
			name = Debug;
		};
		942993121B3E91CF00F57BA4 /* Release */ = {
			isa = XCBuildConfiguration;
			buildSettings = {
				BUNDLE_LOADER = "$(TEST_HOST)";
				FRAMEWORK_SEARCH_PATHS = (
					"$(SDKROOT)/Developer/Library/Frameworks",
					"$(inherited)",
				);
				INFOPLIST_FILE = RemotePresentationProjectTests/Info.plist;
				LD_RUNPATH_SEARCH_PATHS = "$(inherited) @executable_path/Frameworks @loader_path/Frameworks";
				PRODUCT_NAME = "$(TARGET_NAME)";
				TEST_HOST = "$(BUILT_PRODUCTS_DIR)/RemotePresentationProject.app/RemotePresentationProject";
			};
			name = Release;
		};
/* End XCBuildConfiguration section */

/* Begin XCConfigurationList section */
		942992E91B3E91CF00F57BA4 /* Build configuration list for PBXProject "RemotePresentationProject" */ = {
			isa = XCConfigurationList;
			buildConfigurations = (
				9429930B1B3E91CF00F57BA4 /* Debug */,
				9429930C1B3E91CF00F57BA4 /* Release */,
			);
			defaultConfigurationIsVisible = 0;
			defaultConfigurationName = Release;
		};
		9429930D1B3E91CF00F57BA4 /* Build configuration list for PBXNativeTarget "RemotePresentationProject" */ = {
			isa = XCConfigurationList;
			buildConfigurations = (
				9429930E1B3E91CF00F57BA4 /* Debug */,
				9429930F1B3E91CF00F57BA4 /* Release */,
			);
			defaultConfigurationIsVisible = 0;
		};
		942993101B3E91CF00F57BA4 /* Build configuration list for PBXNativeTarget "RemotePresentationProjectTests" */ = {
			isa = XCConfigurationList;
			buildConfigurations = (
				942993111B3E91CF00F57BA4 /* Debug */,
				942993121B3E91CF00F57BA4 /* Release */,
			);
			defaultConfigurationIsVisible = 0;
		};
/* End XCConfigurationList section */
	};
	rootObject = 942992E61B3E91CF00F57BA4 /* Project object */;
}
